
Microsoft Visual Studio Solution File, Format Version 12.00
# Visual Studio Version 16
VisualStudioVersion = 16.0.30114.105
MinimumVisualStudioVersion = 10.0.40219.1
Project("{FAE04EC0-301F-11D3-BF4B-00C04F79EFBC}") = "WF_ModificationVolume", "WF_ModificationVolume\WF_ModificationVolume.csproj", "{C2C01F61-E26D-42F7-B290-D8BF4F2CCAC3}"
EndProject
Global
	GlobalSection(SolutionConfigurationPlatforms) = preSolution
		Debug|Any CPU = Debug|Any CPU
		Release|Any CPU = Release|Any CPU
	EndGlobalSection
	GlobalSection(ProjectConfigurationPlatforms) = postSolution
		{C2C01F61-E26D-42F7-B290-D8BF4F2CCAC3}.Debug|Any CPU.ActiveCfg = Debug|Any CPU
		{C2C01F61-E26D-42F7-B290-D8BF4F2CCAC3}.Debug|Any CPU.Build.0 = Debug|Any CPU
		{C2C01F61-E26D-42F7-B290-D8BF4F2CCAC3}.Release|Any CPU.ActiveCfg = Release|Any CPU
		{C2C01F61-E26D-42F7-B290-D8BF4F2CCAC3}.Release|Any CPU.Build.0 = Release|Any CPU
	EndGlobalSection
	GlobalSection(SolutionProperties) = preSolution
		HideSolutionNode = FALSE
	EndGlobalSection
	GlobalSection(ExtensibilityGlobals) = postSolution
		SolutionGuid = {620025CC-0A36-4899-A868-8524EC094A1B}
	EndGlobalSection
EndGlobal
